
Microsoft Visual Studio Solution File, Format Version 12.00
# Visual Studio Version 17
VisualStudioVersion = 17.11.35303.130
MinimumVisualStudioVersion = 10.0.40219.1
Project("{FAE04EC0-301F-11D3-BF4B-00C04F79EFBC}") = "TallerRefuerzoDosGorros", "TallerRefuerzoDosGorros\TallerRefuerzoDosGorros.csproj", "{07005515-DF0D-4AAB-BD12-6E48794C0335}"
EndProject
Project("{FAE04EC0-301F-11D3-BF4B-00C04F79EFBC}") = "Gorros.DTOs", "Gorros.DTOs\Gorros.DTOs.csproj", "{5A1F43DF-13FE-451C-A91F-8642E37E0794}"
EndProject
Global
	GlobalSection(SolutionConfigurationPlatforms) = preSolution
		Debug|Any CPU = Debug|Any CPU
		Release|Any CPU = Release|Any CPU
	EndGlobalSection
	GlobalSection(ProjectConfigurationPlatforms) = postSolution
		{07005515-DF0D-4AAB-BD12-6E48794C0335}.Debug|Any CPU.ActiveCfg = Debug|Any CPU
		{07005515-DF0D-4AAB-BD12-6E48794C0335}.Debug|Any CPU.Build.0 = Debug|Any CPU
		{07005515-DF0D-4AAB-BD12-6E48794C0335}.Release|Any CPU.ActiveCfg = Release|Any CPU
		{07005515-DF0D-4AAB-BD12-6E48794C0335}.Release|Any CPU.Build.0 = Release|Any CPU
		{5A1F43DF-13FE-451C-A91F-8642E37E0794}.Debug|Any CPU.ActiveCfg = Debug|Any CPU
		{5A1F43DF-13FE-451C-A91F-8642E37E0794}.Debug|Any CPU.Build.0 = Debug|Any CPU
		{5A1F43DF-13FE-451C-A91F-8642E37E0794}.Release|Any CPU.ActiveCfg = Release|Any CPU
		{5A1F43DF-13FE-451C-A91F-8642E37E0794}.Release|Any CPU.Build.0 = Release|Any CPU
	EndGlobalSection
	GlobalSection(SolutionProperties) = preSolution
		HideSolutionNode = FALSE
	EndGlobalSection
	GlobalSection(ExtensibilityGlobals) = postSolution
		SolutionGuid = {944062A1-16C2-48B0-848C-576A0E64A45A}
	EndGlobalSection
EndGlobal
